
Microsoft Visual Studio Solution File, Format Version 12.00
# Visual Studio Version 17
VisualStudioVersion = 17.10.34928.147
MinimumVisualStudioVersion = 10.0.40219.1
Project("{FAE04EC0-301F-11D3-BF4B-00C04F79EFBC}") = "bai30", "bai30.csproj", "{0A5FE670-EA19-4B41-81FF-84AFD8C1803C}"
EndProject
Global
	GlobalSection(SolutionConfigurationPlatforms) = preSolution
		Debug|Any CPU = Debug|Any CPU
		Release|Any CPU = Release|Any CPU
	EndGlobalSection
	GlobalSection(ProjectConfigurationPlatforms) = postSolution
		{0A5FE670-EA19-4B41-81FF-84AFD8C1803C}.Debug|Any CPU.ActiveCfg = Debug|Any CPU
		{0A5FE670-EA19-4B41-81FF-84AFD8C1803C}.Debug|Any CPU.Build.0 = Debug|Any CPU
		{0A5FE670-EA19-4B41-81FF-84AFD8C1803C}.Release|Any CPU.ActiveCfg = Release|Any CPU
		{0A5FE670-EA19-4B41-81FF-84AFD8C1803C}.Release|Any CPU.Build.0 = Release|Any CPU
	EndGlobalSection
	GlobalSection(SolutionProperties) = preSolution
		HideSolutionNode = FALSE
	EndGlobalSection
	GlobalSection(ExtensibilityGlobals) = postSolution
		SolutionGuid = {55EFDA08-1F80-4685-95CD-223EBFA9C12A}
	EndGlobalSection
EndGlobal
