
Microsoft Visual Studio Solution File, Format Version 12.00
# Visual Studio Version 17
VisualStudioVersion = 17.11.34909.67
MinimumVisualStudioVersion = 10.0.40219.1
Project("{FAE04EC0-301F-11D3-BF4B-00C04F79EFBC}") = "ex6", "ex6.csproj", "{F24428A2-04AF-4CB9-B625-BA11F31330BF}"
EndProject
Global
	GlobalSection(SolutionConfigurationPlatforms) = preSolution
		Debug|Any CPU = Debug|Any CPU
		Release|Any CPU = Release|Any CPU
	EndGlobalSection
	GlobalSection(ProjectConfigurationPlatforms) = postSolution
		{F24428A2-04AF-4CB9-B625-BA11F31330BF}.Debug|Any CPU.ActiveCfg = Debug|Any CPU
		{F24428A2-04AF-4CB9-B625-BA11F31330BF}.Debug|Any CPU.Build.0 = Debug|Any CPU
		{F24428A2-04AF-4CB9-B625-BA11F31330BF}.Release|Any CPU.ActiveCfg = Release|Any CPU
		{F24428A2-04AF-4CB9-B625-BA11F31330BF}.Release|Any CPU.Build.0 = Release|Any CPU
	EndGlobalSection
	GlobalSection(SolutionProperties) = preSolution
		HideSolutionNode = FALSE
	EndGlobalSection
	GlobalSection(ExtensibilityGlobals) = postSolution
		SolutionGuid = {300858C6-057B-4F0F-986C-04A24030076B}
	EndGlobalSection
EndGlobal
